
Microsoft Visual Studio Solution File, Format Version 12.00
# Visual Studio Version 17
VisualStudioVersion = 17.0.31903.59
MinimumVisualStudioVersion = 10.0.40219.1
Project("{FAE04EC0-301F-11D3-BF4B-00C04F79EFBC}") = "RollingOnTheFloor", "RollingOnTheFloor\RollingOnTheFloor.csproj", "{27F2D8A1-90B2-4BCF-97C9-EA1C7AC9673C}"
EndProject
Project("{FAE04EC0-301F-11D3-BF4B-00C04F79EFBC}") = "Tests", "Tests\Tests.csproj", "{D9FCA85F-B975-4F33-9509-964BF456E6B5}"
EndProject
Global
	GlobalSection(SolutionConfigurationPlatforms) = preSolution
		Debug|Any CPU = Debug|Any CPU
		Release|Any CPU = Release|Any CPU
	EndGlobalSection
	GlobalSection(SolutionProperties) = preSolution
		HideSolutionNode = FALSE
	EndGlobalSection
	GlobalSection(ProjectConfigurationPlatforms) = postSolution
		{27F2D8A1-90B2-4BCF-97C9-EA1C7AC9673C}.Debug|Any CPU.ActiveCfg = Debug|Any CPU
		{27F2D8A1-90B2-4BCF-97C9-EA1C7AC9673C}.Debug|Any CPU.Build.0 = Debug|Any CPU
		{27F2D8A1-90B2-4BCF-97C9-EA1C7AC9673C}.Release|Any CPU.ActiveCfg = Release|Any CPU
		{27F2D8A1-90B2-4BCF-97C9-EA1C7AC9673C}.Release|Any CPU.Build.0 = Release|Any CPU
		{D9FCA85F-B975-4F33-9509-964BF456E6B5}.Debug|Any CPU.ActiveCfg = Debug|Any CPU
		{D9FCA85F-B975-4F33-9509-964BF456E6B5}.Debug|Any CPU.Build.0 = Debug|Any CPU
		{D9FCA85F-B975-4F33-9509-964BF456E6B5}.Release|Any CPU.ActiveCfg = Release|Any CPU
		{D9FCA85F-B975-4F33-9509-964BF456E6B5}.Release|Any CPU.Build.0 = Release|Any CPU
	EndGlobalSection
EndGlobal
